
Microsoft Visual Studio Solution File, Format Version 12.00
# Visual Studio Version 16
VisualStudioVersion = 16.0.29123.88
MinimumVisualStudioVersion = 10.0.40219.1
Project("{F2A71F9B-5D33-465A-A702-920D77279786}") = "AdventOfCodeFSharp", "AdventOfCodeFSharp\AdventOfCodeFSharp.fsproj", "{3F219716-5C35-4DB3-AB99-34DE9E17DFB9}"
EndProject
Global
	GlobalSection(SolutionConfigurationPlatforms) = preSolution
		Debug|Any CPU = Debug|Any CPU
		Release|Any CPU = Release|Any CPU
	EndGlobalSection
	GlobalSection(ProjectConfigurationPlatforms) = postSolution
		{3F219716-5C35-4DB3-AB99-34DE9E17DFB9}.Debug|Any CPU.ActiveCfg = Debug|Any CPU
		{3F219716-5C35-4DB3-AB99-34DE9E17DFB9}.Debug|Any CPU.Build.0 = Debug|Any CPU
		{3F219716-5C35-4DB3-AB99-34DE9E17DFB9}.Release|Any CPU.ActiveCfg = Release|Any CPU
		{3F219716-5C35-4DB3-AB99-34DE9E17DFB9}.Release|Any CPU.Build.0 = Release|Any CPU
	EndGlobalSection
	GlobalSection(SolutionProperties) = preSolution
		HideSolutionNode = FALSE
	EndGlobalSection
	GlobalSection(ExtensibilityGlobals) = postSolution
		SolutionGuid = {D70362A7-C5E9-4217-96E6-29E29C025282}
	EndGlobalSection
EndGlobal
